
Microsoft Visual Studio Solution File, Format Version 12.00
# Visual Studio Version 17
VisualStudioVersion = 17.10.35027.167
MinimumVisualStudioVersion = 10.0.40219.1
Project("{FAE04EC0-301F-11D3-BF4B-00C04F79EFBC}") = "shop", "shop\shop.csproj", "{7081CD3F-B8CA-4944-88C6-CD396AC071E6}"
EndProject
Global
	GlobalSection(SolutionConfigurationPlatforms) = preSolution
		Debug|Any CPU = Debug|Any CPU
		Release|Any CPU = Release|Any CPU
	EndGlobalSection
	GlobalSection(ProjectConfigurationPlatforms) = postSolution
		{7081CD3F-B8CA-4944-88C6-CD396AC071E6}.Debug|Any CPU.ActiveCfg = Debug|Any CPU
		{7081CD3F-B8CA-4944-88C6-CD396AC071E6}.Debug|Any CPU.Build.0 = Debug|Any CPU
		{7081CD3F-B8CA-4944-88C6-CD396AC071E6}.Release|Any CPU.ActiveCfg = Release|Any CPU
		{7081CD3F-B8CA-4944-88C6-CD396AC071E6}.Release|Any CPU.Build.0 = Release|Any CPU
	EndGlobalSection
	GlobalSection(SolutionProperties) = preSolution
		HideSolutionNode = FALSE
	EndGlobalSection
	GlobalSection(ExtensibilityGlobals) = postSolution
		SolutionGuid = {A55785FD-D2F8-46ED-8C83-CF92C9FEF8F2}
	EndGlobalSection
EndGlobal
